
Microsoft Visual Studio Solution File, Format Version 12.00
# Visual Studio Version 17
VisualStudioVersion = 17.5.33530.505
MinimumVisualStudioVersion = 10.0.40219.1
Project("{FAE04EC0-301F-11D3-BF4B-00C04F79EFBC}") = "Project", "Project\Project.csproj", "{913CCA97-1AEE-469C-8911-2F184DDFE7CE}"
EndProject
Global
	GlobalSection(SolutionConfigurationPlatforms) = preSolution
		Debug|Any CPU = Debug|Any CPU
		Release|Any CPU = Release|Any CPU
	EndGlobalSection
	GlobalSection(ProjectConfigurationPlatforms) = postSolution
		{913CCA97-1AEE-469C-8911-2F184DDFE7CE}.Debug|Any CPU.ActiveCfg = Debug|Any CPU
		{913CCA97-1AEE-469C-8911-2F184DDFE7CE}.Debug|Any CPU.Build.0 = Debug|Any CPU
		{913CCA97-1AEE-469C-8911-2F184DDFE7CE}.Release|Any CPU.ActiveCfg = Release|Any CPU
		{913CCA97-1AEE-469C-8911-2F184DDFE7CE}.Release|Any CPU.Build.0 = Release|Any CPU
	EndGlobalSection
	GlobalSection(SolutionProperties) = preSolution
		HideSolutionNode = FALSE
	EndGlobalSection
	GlobalSection(ExtensibilityGlobals) = postSolution
		SolutionGuid = {3A1BDD0C-67B4-4D33-B4CB-75A6D5F7D777}
	EndGlobalSection
EndGlobal
